
Microsoft Visual Studio Solution File, Format Version 12.00
# Visual Studio Version 17
VisualStudioVersion = 17.2.32616.157
MinimumVisualStudioVersion = 10.0.40219.1
Project("{FAE04EC0-301F-11D3-BF4B-00C04F79EFBC}") = "SearchEngine", "SearchEngine\SearchEngine.csproj", "{31F76F19-102E-4C38-A15B-A95EB8CE98F2}"
EndProject
Global
	GlobalSection(SolutionConfigurationPlatforms) = preSolution
		Debug|Any CPU = Debug|Any CPU
		Release|Any CPU = Release|Any CPU
	EndGlobalSection
	GlobalSection(ProjectConfigurationPlatforms) = postSolution
		{31F76F19-102E-4C38-A15B-A95EB8CE98F2}.Debug|Any CPU.ActiveCfg = Debug|Any CPU
		{31F76F19-102E-4C38-A15B-A95EB8CE98F2}.Debug|Any CPU.Build.0 = Debug|Any CPU
		{31F76F19-102E-4C38-A15B-A95EB8CE98F2}.Release|Any CPU.ActiveCfg = Release|Any CPU
		{31F76F19-102E-4C38-A15B-A95EB8CE98F2}.Release|Any CPU.Build.0 = Release|Any CPU
	EndGlobalSection
	GlobalSection(SolutionProperties) = preSolution
		HideSolutionNode = FALSE
	EndGlobalSection
	GlobalSection(ExtensibilityGlobals) = postSolution
		SolutionGuid = {70CBCC20-0F2F-41C9-96BD-9A3B4D1FDB8D}
	EndGlobalSection
EndGlobal
